// !$*UTF8*$!
{
	archiveVersion = 1;
	classes = {
	};
	objectVersion = 55;
	objects = {

/* Begin PBXBuildFile section */
		A0E8FF9327B0B51D00E14D5E /* mvvm_demoApp.swift in Sources */ = {isa = PBXBuildFile; fileRef = A0E8FF9227B0B51D00E14D5E /* mvvm_demoApp.swift */; };
		A0E8FF9527B0B51D00E14D5E /* ContentView.swift in Sources */ = {isa = PBXBuildFile; fileRef = A0E8FF9427B0B51D00E14D5E /* ContentView.swift */; };
		A0E8FF9727B0B51E00E14D5E /* Assets.xcassets in Resources */ = {isa = PBXBuildFile; fileRef = A0E8FF9627B0B51E00E14D5E /* Assets.xcassets */; };
		A0E8FF9A27B0B51E00E14D5E /* Preview Assets.xcassets in Resources */ = {isa = PBXBuildFile; fileRef = A0E8FF9927B0B51E00E14D5E /* Preview Assets.xcassets */; };
		A0E8FFA427B0B60500E14D5E /* Recipe.swift in Sources */ = {isa = PBXBuildFile; fileRef = A0E8FFA327B0B60500E14D5E /* Recipe.swift */; };
		A0E8FFA627B0B69D00E14D5E /* RecipeModel.swift in Sources */ = {isa = PBXBuildFile; fileRef = A0E8FFA527B0B69D00E14D5E /* RecipeModel.swift */; };
/* End PBXBuildFile section */

/* Begin PBXFileReference section */
		A0E8FF8F27B0B51D00E14D5E /* mvvm-demo.app */ = {isa = PBXFileReference; explicitFileType = wrapper.application; includeInIndex = 0; path = "mvvm-demo.app"; sourceTree = BUILT_PRODUCTS_DIR; };
		A0E8FF9227B0B51D00E14D5E /* mvvm_demoApp.swift */ = {isa = PBXFileReference; lastKnownFileType = sourcecode.swift; path = mvvm_demoApp.swift; sourceTree = "<group>"; };
		A0E8FF9427B0B51D00E14D5E /* ContentView.swift */ = {isa = PBXFileReference; lastKnownFileType = sourcecode.swift; path = ContentView.swift; sourceTree = "<group>"; };
		A0E8FF9627B0B51E00E14D5E /* Assets.xcassets */ = {isa = PBXFileReference; lastKnownFileType = folder.assetcatalog; path = Assets.xcassets; sourceTree = "<group>"; };
		A0E8FF9927B0B51E00E14D5E /* Preview Assets.xcassets */ = {isa = PBXFileReference; lastKnownFileType = folder.assetcatalog; path = "Preview Assets.xcassets"; sourceTree = "<group>"; };
		A0E8FFA327B0B60500E14D5E /* Recipe.swift */ = {isa = PBXFileReference; lastKnownFileType = sourcecode.swift; path = Recipe.swift; sourceTree = "<group>"; };
		A0E8FFA527B0B69D00E14D5E /* RecipeModel.swift */ = {isa = PBXFileReference; lastKnownFileType = sourcecode.swift; path = RecipeModel.swift; sourceTree = "<group>"; };
/* End PBXFileReference section */

/* Begin PBXFrameworksBuildPhase section */
		A0E8FF8C27B0B51D00E14D5E /* Frameworks */ = {
			isa = PBXFrameworksBuildPhase;
			buildActionMask = 2147483647;
			files = (
			);
			runOnlyForDeploymentPostprocessing = 0;
		};
/* End PBXFrameworksBuildPhase section */

/* Begin PBXGroup section */
		A0E8FF8627B0B51D00E14D5E = {
			isa = PBXGroup;
			children = (
				A0E8FF9127B0B51D00E14D5E /* mvvm-demo */,
				A0E8FF9027B0B51D00E14D5E /* Products */,
			);
			sourceTree = "<group>";
		};
		A0E8FF9027B0B51D00E14D5E /* Products */ = {
			isa = PBXGroup;
			children = (
				A0E8FF8F27B0B51D00E14D5E /* mvvm-demo.app */,
			);
			name = Products;
			sourceTree = "<group>";
		};
		A0E8FF9127B0B51D00E14D5E /* mvvm-demo */ = {
			isa = PBXGroup;
			children = (
				A0E8FF9227B0B51D00E14D5E /* mvvm_demoApp.swift */,
				A0E8FFA227B0B54300E14D5E /* ViewModels */,
				A0E8FFA127B0B53C00E14D5E /* Models */,
				A0E8FFA027B0B53300E14D5E /* Views */,
				A0E8FF9627B0B51E00E14D5E /* Assets.xcassets */,
				A0E8FF9827B0B51E00E14D5E /* Preview Content */,
			);
			path = "mvvm-demo";
			sourceTree = "<group>";
		};
		A0E8FF9827B0B51E00E14D5E /* Preview Content */ = {
			isa = PBXGroup;
			children = (
				A0E8FF9927B0B51E00E14D5E /* Preview Assets.xcassets */,
			);
			path = "Preview Content";
			sourceTree = "<group>";
		};
		A0E8FFA027B0B53300E14D5E /* Views */ = {
			isa = PBXGroup;
			children = (
				A0E8FF9427B0B51D00E14D5E /* ContentView.swift */,
			);
			path = Views;
			sourceTree = "<group>";
		};
		A0E8FFA127B0B53C00E14D5E /* Models */ = {
			isa = PBXGroup;
			children = (
				A0E8FFA327B0B60500E14D5E /* Recipe.swift */,
			);
			path = Models;
			sourceTree = "<group>";
		};
		A0E8FFA227B0B54300E14D5E /* ViewModels */ = {
			isa = PBXGroup;
			children = (
				A0E8FFA527B0B69D00E14D5E /* RecipeModel.swift */,
			);
			path = ViewModels;
			sourceTree = "<group>";
		};
/* End PBXGroup section */

/* Begin PBXNativeTarget section */
		A0E8FF8E27B0B51D00E14D5E /* mvvm-demo */ = {
			isa = PBXNativeTarget;
			buildConfigurationList = A0E8FF9D27B0B51E00E14D5E /* Build configuration list for PBXNativeTarget "mvvm-demo" */;
			buildPhases = (
				A0E8FF8B27B0B51D00E14D5E /* Sources */,
				A0E8FF8C27B0B51D00E14D5E /* Frameworks */,
				A0E8FF8D27B0B51D00E14D5E /* Resources */,
			);
			buildRules = (
			);
			dependencies = (
			);
			name = "mvvm-demo";
			productName = "mvvm-demo";
			productReference = A0E8FF8F27B0B51D00E14D5E /* mvvm-demo.app */;
			productType = "com.apple.product-type.application";
		};
/* End PBXNativeTarget section */

/* Begin PBXProject section */
		A0E8FF8727B0B51D00E14D5E /* Project object */ = {
			isa = PBXProject;
			attributes = {
				BuildIndependentTargetsInParallel = 1;
				LastSwiftUpdateCheck = 1320;
				LastUpgradeCheck = 1320;
				TargetAttributes = {
					A0E8FF8E27B0B51D00E14D5E = {
						CreatedOnToolsVersion = 13.2.1;
					};
				};
			};
			buildConfigurationList = A0E8FF8A27B0B51D00E14D5E /* Build configuration list for PBXProject "mvvm-demo" */;
			compatibilityVersion = "Xcode 13.0";
			developmentRegion = en;
			hasScannedForEncodings = 0;
			knownRegions = (
				en,
				Base,
			);
			mainGroup = A0E8FF8627B0B51D00E14D5E;
			productRefGroup = A0E8FF9027B0B51D00E14D5E /* Products */;
			projectDirPath = "";
			projectRoot = "";
			targets = (
				A0E8FF8E27B0B51D00E14D5E /* mvvm-demo */,
			);
		};
/* End PBXProject section */

/* Begin PBXResourcesBuildPhase section */
		A0E8FF8D27B0B51D00E14D5E /* Resources */ = {
			isa = PBXResourcesBuildPhase;
			buildActionMask = 2147483647;
			files = (
				A0E8FF9A27B0B51E00E14D5E /* Preview Assets.xcassets in Resources */,
				A0E8FF9727B0B51E00E14D5E /* Assets.xcassets in Resources */,
			);
			runOnlyForDeploymentPostprocessing = 0;
		};
/* End PBXResourcesBuildPhase section */

/* Begin PBXSourcesBuildPhase section */
		A0E8FF8B27B0B51D00E14D5E /* Sources */ = {
			isa = PBXSourcesBuildPhase;
			buildActionMask = 2147483647;
			files = (
				A0E8FFA427B0B60500E14D5E /* Recipe.swift in Sources */,
				A0E8FFA627B0B69D00E14D5E /* RecipeModel.swift in Sources */,
				A0E8FF9527B0B51D00E14D5E /* ContentView.swift in Sources */,
				A0E8FF9327B0B51D00E14D5E /* mvvm_demoApp.swift in Sources */,
			);
			runOnlyForDeploymentPostprocessing = 0;
		};
/* End PBXSourcesBuildPhase section */

/* Begin XCBuildConfiguration section */
		A0E8FF9B27B0B51E00E14D5E /* Debug */ = {
			isa = XCBuildConfiguration;
			buildSettings = {
				ALWAYS_SEARCH_USER_PATHS = NO;
				CLANG_ANALYZER_NONNULL = YES;
				CLANG_ANALYZER_NUMBER_OBJECT_CONVERSION = YES_AGGRESSIVE;
				CLANG_CXX_LANGUAGE_STANDARD = "gnu++17";
				CLANG_CXX_LIBRARY = "libc++";
				CLANG_ENABLE_MODULES = YES;
				CLANG_ENABLE_OBJC_ARC = YES;
				CLANG_ENABLE_OBJC_WEAK = YES;
				CLANG_WARN_BLOCK_CAPTURE_AUTORELEASING = YES;
				CLANG_WARN_BOOL_CONVERSION = YES;
				CLANG_WARN_COMMA = YES;
				CLANG_WARN_CONSTANT_CONVERSION = YES;
				CLANG_WARN_DEPRECATED_OBJC_IMPLEMENTATIONS = YES;
				CLANG_WARN_DIRECT_OBJC_ISA_USAGE = YES_ERROR;
				CLANG_WARN_DOCUMENTATION_COMMENTS = YES;
				CLANG_WARN_EMPTY_BODY = YES;
				CLANG_WARN_ENUM_CONVERSION = YES;
				CLANG_WARN_INFINITE_RECURSION = YES;
				CLANG_WARN_INT_CONVERSION = YES;
				CLANG_WARN_NON_LITERAL_NULL_CONVERSION = YES;
				CLANG_WARN_OBJC_IMPLICIT_RETAIN_SELF = YES;
				CLANG_WARN_OBJC_LITERAL_CONVERSION = YES;
				CLANG_WARN_OBJC_ROOT_CLASS = YES_ERROR;
				CLANG_WARN_QUOTED_INCLUDE_IN_FRAMEWORK_HEADER = YES;
				CLANG_WARN_RANGE_LOOP_ANALYSIS = YES;
				CLANG_WARN_STRICT_PROTOTYPES = YES;
				CLANG_WARN_SUSPICIOUS_MOVE = YES;
				CLANG_WARN_UNGUARDED_AVAILABILITY = YES_AGGRESSIVE;
				CLANG_WARN_UNREACHABLE_CODE = YES;
				CLANG_WARN__DUPLICATE_METHOD_MATCH = YES;
				COPY_PHASE_STRIP = NO;
				DEBUG_INFORMATION_FORMAT = dwarf;
				ENABLE_STRICT_OBJC_MSGSEND = YES;
				ENABLE_TESTABILITY = YES;
				GCC_C_LANGUAGE_STANDARD = gnu11;
				GCC_DYNAMIC_NO_PIC = NO;
				GCC_NO_COMMON_BLOCKS = YES;
				GCC_OPTIMIZATION_LEVEL = 0;
				GCC_PREPROCESSOR_DEFINITIONS = (
					"DEBUG=1",
					"$(inherited)",
				);
				GCC_WARN_64_TO_32_BIT_CONVERSION = YES;
				GCC_WARN_ABOUT_RETURN_TYPE = YES_ERROR;
				GCC_WARN_UNDECLARED_SELECTOR = YES;
				GCC_WARN_UNINITIALIZED_AUTOS = YES_AGGRESSIVE;
				GCC_WARN_UNUSED_FUNCTION = YES;
				GCC_WARN_UNUSED_VARIABLE = YES;
				IPHONEOS_DEPLOYMENT_TARGET = 15.2;
				MTL_ENABLE_DEBUG_INFO = INCLUDE_SOURCE;
				MTL_FAST_MATH = YES;
				ONLY_ACTIVE_ARCH = YES;
				SDKROOT = iphoneos;
				SWIFT_ACTIVE_COMPILATION_CONDITIONS = DEBUG;
				SWIFT_OPTIMIZATION_LEVEL = "-Onone";
			};
			name = Debug;
		};
		A0E8FF9C27B0B51E00E14D5E /* Release */ = {
			isa = XCBuildConfiguration;
			buildSettings = {
				ALWAYS_SEARCH_USER_PATHS = NO;
				CLANG_ANALYZER_NONNULL = YES;
				CLANG_ANALYZER_NUMBER_OBJECT_CONVERSION = YES_AGGRESSIVE;
				CLANG_CXX_LANGUAGE_STANDARD = "gnu++17";
				CLANG_CXX_LIBRARY = "libc++";
				CLANG_ENABLE_MODULES = YES;
				CLANG_ENABLE_OBJC_ARC = YES;
				CLANG_ENABLE_OBJC_WEAK = YES;
				CLANG_WARN_BLOCK_CAPTURE_AUTORELEASING = YES;
				CLANG_WARN_BOOL_CONVERSION = YES;
				CLANG_WARN_COMMA = YES;
				CLANG_WARN_CONSTANT_CONVERSION = YES;
				CLANG_WARN_DEPRECATED_OBJC_IMPLEMENTATIONS = YES;
				CLANG_WARN_DIRECT_OBJC_ISA_USAGE = YES_ERROR;
				CLANG_WARN_DOCUMENTATION_COMMENTS = YES;
				CLANG_WARN_EMPTY_BODY = YES;
				CLANG_WARN_ENUM_CONVERSION = YES;
				CLANG_WARN_INFINITE_RECURSION = YES;
				CLANG_WARN_INT_CONVERSION = YES;
				CLANG_WARN_NON_LITERAL_NULL_CONVERSION = YES;
				CLANG_WARN_OBJC_IMPLICIT_RETAIN_SELF = YES;
				CLANG_WARN_OBJC_LITERAL_CONVERSION = YES;
				CLANG_WARN_OBJC_ROOT_CLASS = YES_ERROR;
				CLANG_WARN_QUOTED_INCLUDE_IN_FRAMEWORK_HEADER = YES;
				CLANG_WARN_RANGE_LOOP_ANALYSIS = YES;
				CLANG_WARN_STRICT_PROTOTYPES = YES;
				CLANG_WARN_SUSPICIOUS_MOVE = YES;
				CLANG_WARN_UNGUARDED_AVAILABILITY = YES_AGGRESSIVE;
				CLANG_WARN_UNREACHABLE_CODE = YES;
				CLANG_WARN__DUPLICATE_METHOD_MATCH = YES;
				COPY_PHASE_STRIP = NO;
				DEBUG_INFORMATION_FORMAT = "dwarf-with-dsym";
				ENABLE_NS_ASSERTIONS = NO;
				ENABLE_STRICT_OBJC_MSGSEND = YES;
				GCC_C_LANGUAGE_STANDARD = gnu11;
				GCC_NO_COMMON_BLOCKS = YES;
				GCC_WARN_64_TO_32_BIT_CONVERSION = YES;
				GCC_WARN_ABOUT_RETURN_TYPE = YES_ERROR;
				GCC_WARN_UNDECLARED_SELECTOR = YES;
				GCC_WARN_UNINITIALIZED_AUTOS = YES_AGGRESSIVE;
				GCC_WARN_UNUSED_FUNCTION = YES;
				GCC_WARN_UNUSED_VARIABLE = YES;
				IPHONEOS_DEPLOYMENT_TARGET = 15.2;
				MTL_ENABLE_DEBUG_INFO = NO;
				MTL_FAST_MATH = YES;
				SDKROOT = iphoneos;
				SWIFT_COMPILATION_MODE = wholemodule;
				SWIFT_OPTIMIZATION_LEVEL = "-O";
				VALIDATE_PRODUCT = YES;
			};
			name = Release;
		};
		A0E8FF9E27B0B51E00E14D5E /* Debug */ = {
			isa = XCBuildConfiguration;
			buildSettings = {
				ASSETCATALOG_COMPILER_APPICON_NAME = AppIcon;
				ASSETCATALOG_COMPILER_GLOBAL_ACCENT_COLOR_NAME = AccentColor;
				CODE_SIGN_STYLE = Automatic;
				CURRENT_PROJECT_VERSION = 1;
				DEVELOPMENT_ASSET_PATHS = "\"mvvm-demo/Preview Content\"";
				DEVELOPMENT_TEAM = GUBZ9J9QAT;
				ENABLE_PREVIEWS = YES;
				GENERATE_INFOPLIST_FILE = YES;
				INFOPLIST_KEY_UIApplicationSceneManifest_Generation = YES;
				INFOPLIST_KEY_UIApplicationSupportsIndirectInputEvents = YES;
				INFOPLIST_KEY_UILaunchScreen_Generation = YES;
				INFOPLIST_KEY_UISupportedInterfaceOrientations_iPad = "UIInterfaceOrientationPortrait UIInterfaceOrientationPortraitUpsideDown UIInterfaceOrientationLandscapeLeft UIInterfaceOrientationLandscapeRight";
				INFOPLIST_KEY_UISupportedInterfaceOrientations_iPhone = "UIInterfaceOrientationPortrait UIInterfaceOrientationLandscapeLeft UIInterfaceOrientationLandscapeRight";
				LD_RUNPATH_SEARCH_PATHS = (
					"$(inherited)",
					"@executable_path/Frameworks",
				);
				MARKETING_VERSION = 1.0;
				PRODUCT_BUNDLE_IDENTIFIER = "com.popo2305Class.mvvm-demo";
				PRODUCT_NAME = "$(TARGET_NAME)";
				SWIFT_EMIT_LOC_STRINGS = YES;
				SWIFT_VERSION = 5.0;
				TARGETED_DEVICE_FAMILY = "1,2";
			};
			name = Debug;
		};
		A0E8FF9F27B0B51E00E14D5E /* Release */ = {
			isa = XCBuildConfiguration;
			buildSettings = {
				ASSETCATALOG_COMPILER_APPICON_NAME = AppIcon;
				ASSETCATALOG_COMPILER_GLOBAL_ACCENT_COLOR_NAME = AccentColor;
				CODE_SIGN_STYLE = Automatic;
				CURRENT_PROJECT_VERSION = 1;
				DEVELOPMENT_ASSET_PATHS = "\"mvvm-demo/Preview Content\"";
				DEVELOPMENT_TEAM = GUBZ9J9QAT;
				ENABLE_PREVIEWS = YES;
				GENERATE_INFOPLIST_FILE = YES;
				INFOPLIST_KEY_UIApplicationSceneManifest_Generation = YES;
				INFOPLIST_KEY_UIApplicationSupportsIndirectInputEvents = YES;
				INFOPLIST_KEY_UILaunchScreen_Generation = YES;
				INFOPLIST_KEY_UISupportedInterfaceOrientations_iPad = "UIInterfaceOrientationPortrait UIInterfaceOrientationPortraitUpsideDown UIInterfaceOrientationLandscapeLeft UIInterfaceOrientationLandscapeRight";
				INFOPLIST_KEY_UISupportedInterfaceOrientations_iPhone = "UIInterfaceOrientationPortrait UIInterfaceOrientationLandscapeLeft UIInterfaceOrientationLandscapeRight";
				LD_RUNPATH_SEARCH_PATHS = (
					"$(inherited)",
					"@executable_path/Frameworks",
				);
				MARKETING_VERSION = 1.0;
				PRODUCT_BUNDLE_IDENTIFIER = "com.popo2305Class.mvvm-demo";
				PRODUCT_NAME = "$(TARGET_NAME)";
				SWIFT_EMIT_LOC_STRINGS = YES;
				SWIFT_VERSION = 5.0;
				TARGETED_DEVICE_FAMILY = "1,2";
			};
			name = Release;
		};
/* End XCBuildConfiguration section */

/* Begin XCConfigurationList section */
		A0E8FF8A27B0B51D00E14D5E /* Build configuration list for PBXProject "mvvm-demo" */ = {
			isa = XCConfigurationList;
			buildConfigurations = (
				A0E8FF9B27B0B51E00E14D5E /* Debug */,
				A0E8FF9C27B0B51E00E14D5E /* Release */,
			);
			defaultConfigurationIsVisible = 0;
			defaultConfigurationName = Release;
		};
		A0E8FF9D27B0B51E00E14D5E /* Build configuration list for PBXNativeTarget "mvvm-demo" */ = {
			isa = XCConfigurationList;
			buildConfigurations = (
				A0E8FF9E27B0B51E00E14D5E /* Debug */,
				A0E8FF9F27B0B51E00E14D5E /* Release */,
			);
			defaultConfigurationIsVisible = 0;
			defaultConfigurationName = Release;
		};
/* End XCConfigurationList section */
	};
	rootObject = A0E8FF8727B0B51D00E14D5E /* Project object */;
}
